# THIS IS AN AUTOGENERATED FILE. DO NOT EDIT THIS FILE DIRECTLY.
# yarn lockfile v1


"@babel/standalone@^7.16.4":
  version "7.16.4"
  resolved "https://registry.yarnpkg.com/@babel/standalone/-/standalone-7.16.4.tgz#f62a5b14fc0e881668f26739f28bcdaacedd3080"
  integrity sha512-FDRLwjeQfPm5jaHNuB+vwNyGCp24Ah3kEsbLzKmh0eSru+QCr4DmjgbRPoz71AwXLVtXU+l/i7MlVlIj5XO7Gw==
